
Microsoft Visual Studio Solution File, Format Version 12.00
# Visual Studio Version 17
VisualStudioVersion = 17.10.34916.146
MinimumVisualStudioVersion = 10.0.40219.1
Project("{FAE04EC0-301F-11D3-BF4B-00C04F79EFBC}") = "SquareCalculator", "SquareCalculator.csproj", "{70314D80-A153-464B-B80A-10359BA81C9B}"
EndProject
Global
	GlobalSection(SolutionConfigurationPlatforms) = preSolution
		Debug|Any CPU = Debug|Any CPU
		Release|Any CPU = Release|Any CPU
	EndGlobalSection
	GlobalSection(ProjectConfigurationPlatforms) = postSolution
		{70314D80-A153-464B-B80A-10359BA81C9B}.Debug|Any CPU.ActiveCfg = Debug|Any CPU
		{70314D80-A153-464B-B80A-10359BA81C9B}.Debug|Any CPU.Build.0 = Debug|Any CPU
		{70314D80-A153-464B-B80A-10359BA81C9B}.Release|Any CPU.ActiveCfg = Release|Any CPU
		{70314D80-A153-464B-B80A-10359BA81C9B}.Release|Any CPU.Build.0 = Release|Any CPU
	EndGlobalSection
	GlobalSection(SolutionProperties) = preSolution
		HideSolutionNode = FALSE
	EndGlobalSection
	GlobalSection(ExtensibilityGlobals) = postSolution
		SolutionGuid = {55946309-7C4F-474E-B2EC-A0C0D4C1B975}
	EndGlobalSection
EndGlobal
